
Microsoft Visual Studio Solution File, Format Version 12.00
# Visual Studio 14
VisualStudioVersion = 14.0.25420.1
MinimumVisualStudioVersion = 10.0.40219.1
Project("{2150E333-8FDC-42A3-9474-1A3956D46DE8}") = "tests", "tests", "{B15992BA-EB0A-4096-BA64-A7E1B7F6FA32}"
EndProject
Project("{8BB2217D-0F2D-49D1-97BC-3654ED321F3B}") = "PaginableCollections", "src\PaginableCollections\PaginableCollections.xproj", "{8F6C7555-710F-443F-A5CA-BF50FC37484D}"
EndProject
Project("{8BB2217D-0F2D-49D1-97BC-3654ED321F3B}") = "PaginableCollections.Tests", "tests\PaginableCollections.Tests\PaginableCollections.Tests.xproj", "{1834508B-44C8-44AD-83F2-19ACEE028AAF}"
EndProject
Project("{2150E333-8FDC-42A3-9474-1A3956D46DE8}") = "Solution Items", "Solution Items", "{50BAA0E6-841D-4678-9679-38A2A3456F60}"
	ProjectSection(SolutionItems) = preProject
		build.ps1 = build.ps1
		global.json = global.json
	EndProjectSection
EndProject
Global
	GlobalSection(SolutionConfigurationPlatforms) = preSolution
		Debug|Any CPU = Debug|Any CPU
		Release|Any CPU = Release|Any CPU
	EndGlobalSection
	GlobalSection(ProjectConfigurationPlatforms) = postSolution
		{8F6C7555-710F-443F-A5CA-BF50FC37484D}.Debug|Any CPU.ActiveCfg = Debug|Any CPU
		{8F6C7555-710F-443F-A5CA-BF50FC37484D}.Debug|Any CPU.Build.0 = Debug|Any CPU
		{8F6C7555-710F-443F-A5CA-BF50FC37484D}.Release|Any CPU.ActiveCfg = Release|Any CPU
		{8F6C7555-710F-443F-A5CA-BF50FC37484D}.Release|Any CPU.Build.0 = Release|Any CPU
		{1834508B-44C8-44AD-83F2-19ACEE028AAF}.Debug|Any CPU.ActiveCfg = Debug|Any CPU
		{1834508B-44C8-44AD-83F2-19ACEE028AAF}.Debug|Any CPU.Build.0 = Debug|Any CPU
		{1834508B-44C8-44AD-83F2-19ACEE028AAF}.Release|Any CPU.ActiveCfg = Release|Any CPU
		{1834508B-44C8-44AD-83F2-19ACEE028AAF}.Release|Any CPU.Build.0 = Release|Any CPU
	EndGlobalSection
	GlobalSection(SolutionProperties) = preSolution
		HideSolutionNode = FALSE
	EndGlobalSection
	GlobalSection(NestedProjects) = preSolution
		{1834508B-44C8-44AD-83F2-19ACEE028AAF} = {B15992BA-EB0A-4096-BA64-A7E1B7F6FA32}
	EndGlobalSection
EndGlobal
