
Microsoft Visual Studio Solution File, Format Version 12.00
# Visual Studio 15
VisualStudioVersion = 15.0.26403.3
MinimumVisualStudioVersion = 10.0.40219.1
Project("{2150E333-8FDC-42A3-9474-1A3956D46DE8}") = "tests", "tests", "{B15992BA-EB0A-4096-BA64-A7E1B7F6FA32}"
EndProject
Project("{2150E333-8FDC-42A3-9474-1A3956D46DE8}") = "Solution Items", "Solution Items", "{50BAA0E6-841D-4678-9679-38A2A3456F60}"
	ProjectSection(SolutionItems) = preProject
		appveyor.yml = appveyor.yml
		build.cake = build.cake
	EndProjectSection
EndProject
Project("{9A19103F-16F7-4668-BE54-9A1E7A4F7556}") = "PaginableCollections", "src\PaginableCollections\PaginableCollections.csproj", "{8F6C7555-710F-443F-A5CA-BF50FC37484D}"
EndProject
Project("{9A19103F-16F7-4668-BE54-9A1E7A4F7556}") = "PaginableCollections.Tests", "tests\PaginableCollections.Tests\PaginableCollections.Tests.csproj", "{1834508B-44C8-44AD-83F2-19ACEE028AAF}"
EndProject
Global
	GlobalSection(SolutionConfigurationPlatforms) = preSolution
		Debug|Any CPU = Debug|Any CPU
		Release|Any CPU = Release|Any CPU
	EndGlobalSection
	GlobalSection(ProjectConfigurationPlatforms) = postSolution
		{8F6C7555-710F-443F-A5CA-BF50FC37484D}.Debug|Any CPU.ActiveCfg = Debug|Any CPU
		{8F6C7555-710F-443F-A5CA-BF50FC37484D}.Debug|Any CPU.Build.0 = Debug|Any CPU
		{8F6C7555-710F-443F-A5CA-BF50FC37484D}.Release|Any CPU.ActiveCfg = Release|Any CPU
		{8F6C7555-710F-443F-A5CA-BF50FC37484D}.Release|Any CPU.Build.0 = Release|Any CPU
		{1834508B-44C8-44AD-83F2-19ACEE028AAF}.Debug|Any CPU.ActiveCfg = Debug|Any CPU
		{1834508B-44C8-44AD-83F2-19ACEE028AAF}.Debug|Any CPU.Build.0 = Debug|Any CPU
		{1834508B-44C8-44AD-83F2-19ACEE028AAF}.Release|Any CPU.ActiveCfg = Release|Any CPU
		{1834508B-44C8-44AD-83F2-19ACEE028AAF}.Release|Any CPU.Build.0 = Release|Any CPU
	EndGlobalSection
	GlobalSection(SolutionProperties) = preSolution
		HideSolutionNode = FALSE
	EndGlobalSection
	GlobalSection(NestedProjects) = preSolution
		{1834508B-44C8-44AD-83F2-19ACEE028AAF} = {B15992BA-EB0A-4096-BA64-A7E1B7F6FA32}
	EndGlobalSection
EndGlobal
