
Microsoft Visual Studio Solution File, Format Version 12.00
# Visual Studio 15
VisualStudioVersion = 15.0.26228.10
MinimumVisualStudioVersion = 10.0.40219.1
Project("{2150E333-8FDC-42A3-9474-1A3956D46DE8}") = "tests", "tests", "{B15992BA-EB0A-4096-BA64-A7E1B7F6FA32}"
EndProject
Project("{2150E333-8FDC-42A3-9474-1A3956D46DE8}") = "build", "build", "{50BAA0E6-841D-4678-9679-38A2A3456F60}"
	ProjectSection(SolutionItems) = preProject
		appveyor.yml = appveyor.yml
		build.cake = build.cake
	EndProjectSection
EndProject
Project("{9A19103F-16F7-4668-BE54-9A1E7A4F7556}") = "PaginableCollections", "src\PaginableCollections\PaginableCollections.csproj", "{8F6C7555-710F-443F-A5CA-BF50FC37484D}"
EndProject
Project("{9A19103F-16F7-4668-BE54-9A1E7A4F7556}") = "PaginableCollections.Tests", "tests\PaginableCollections.Tests\PaginableCollections.Tests.csproj", "{1834508B-44C8-44AD-83F2-19ACEE028AAF}"
EndProject
Project("{FAE04EC0-301F-11D3-BF4B-00C04F79EFBC}") = "ConsoleAppDotNet45", "samples\ConsoleAppDotNet45\ConsoleAppDotNet45.csproj", "{0A23A5A4-8F3F-4D07-A9EB-31AADB95C2E5}"
EndProject
Project("{9A19103F-16F7-4668-BE54-9A1E7A4F7556}") = "ConsoleAppDotNetCore", "samples\ConsoleAppDotNetCore\ConsoleAppDotNetCore.csproj", "{5CEFB89D-72F7-4345-B3AA-B26091D7433C}"
EndProject
Project("{2150E333-8FDC-42A3-9474-1A3956D46DE8}") = "samples", "samples", "{FC4DDD23-0F50-4F65-AA6D-DB5D2657C4D3}"
EndProject
Global
	GlobalSection(SolutionConfigurationPlatforms) = preSolution
		Debug|Any CPU = Debug|Any CPU
		Release|Any CPU = Release|Any CPU
	EndGlobalSection
	GlobalSection(ProjectConfigurationPlatforms) = postSolution
		{8F6C7555-710F-443F-A5CA-BF50FC37484D}.Debug|Any CPU.ActiveCfg = Debug|Any CPU
		{8F6C7555-710F-443F-A5CA-BF50FC37484D}.Debug|Any CPU.Build.0 = Debug|Any CPU
		{8F6C7555-710F-443F-A5CA-BF50FC37484D}.Release|Any CPU.ActiveCfg = Release|Any CPU
		{8F6C7555-710F-443F-A5CA-BF50FC37484D}.Release|Any CPU.Build.0 = Release|Any CPU
		{1834508B-44C8-44AD-83F2-19ACEE028AAF}.Debug|Any CPU.ActiveCfg = Debug|Any CPU
		{1834508B-44C8-44AD-83F2-19ACEE028AAF}.Debug|Any CPU.Build.0 = Debug|Any CPU
		{1834508B-44C8-44AD-83F2-19ACEE028AAF}.Release|Any CPU.ActiveCfg = Release|Any CPU
		{1834508B-44C8-44AD-83F2-19ACEE028AAF}.Release|Any CPU.Build.0 = Release|Any CPU
		{0A23A5A4-8F3F-4D07-A9EB-31AADB95C2E5}.Debug|Any CPU.ActiveCfg = Debug|Any CPU
		{0A23A5A4-8F3F-4D07-A9EB-31AADB95C2E5}.Debug|Any CPU.Build.0 = Debug|Any CPU
		{0A23A5A4-8F3F-4D07-A9EB-31AADB95C2E5}.Release|Any CPU.ActiveCfg = Release|Any CPU
		{0A23A5A4-8F3F-4D07-A9EB-31AADB95C2E5}.Release|Any CPU.Build.0 = Release|Any CPU
		{5CEFB89D-72F7-4345-B3AA-B26091D7433C}.Debug|Any CPU.ActiveCfg = Debug|Any CPU
		{5CEFB89D-72F7-4345-B3AA-B26091D7433C}.Debug|Any CPU.Build.0 = Debug|Any CPU
		{5CEFB89D-72F7-4345-B3AA-B26091D7433C}.Release|Any CPU.ActiveCfg = Release|Any CPU
		{5CEFB89D-72F7-4345-B3AA-B26091D7433C}.Release|Any CPU.Build.0 = Release|Any CPU
	EndGlobalSection
	GlobalSection(SolutionProperties) = preSolution
		HideSolutionNode = FALSE
	EndGlobalSection
	GlobalSection(NestedProjects) = preSolution
		{1834508B-44C8-44AD-83F2-19ACEE028AAF} = {B15992BA-EB0A-4096-BA64-A7E1B7F6FA32}
		{0A23A5A4-8F3F-4D07-A9EB-31AADB95C2E5} = {FC4DDD23-0F50-4F65-AA6D-DB5D2657C4D3}
		{5CEFB89D-72F7-4345-B3AA-B26091D7433C} = {FC4DDD23-0F50-4F65-AA6D-DB5D2657C4D3}
	EndGlobalSection
EndGlobal
